// !$*UTF8*$!
{
	archiveVersion = 1;
	classes = {
	};
	objectVersion = 55;
	objects = {

/* Begin PBXBuildFile section */
		927709337A6B0A7B77D53A51 /* Pods_Smack.framework in Frameworks */ = {isa = PBXBuildFile; fileRef = EDC15A1A41A3B7C63E422110 /* Pods_Smack.framework */; };
		FA1DA302272FFB0900D95FDA /* SWRevealViewController.m in Sources */ = {isa = PBXBuildFile; fileRef = FA1DA301272FFB0900D95FDA /* SWRevealViewController.m */; };
		FA1DA30827300D1700D95FDA /* ChatVC.swift in Sources */ = {isa = PBXBuildFile; fileRef = FA1DA30727300D1700D95FDA /* ChatVC.swift */; };
		FA1DA30A27300D3A00D95FDA /* ChannelVC.swift in Sources */ = {isa = PBXBuildFile; fileRef = FA1DA30927300D3A00D95FDA /* ChannelVC.swift */; };
		FA1DA30E27301FE300D95FDA /* GradientView.swift in Sources */ = {isa = PBXBuildFile; fileRef = FA1DA30D27301FE300D95FDA /* GradientView.swift */; };
		FA1DA31127302EC000D95FDA /* Constants.swift in Sources */ = {isa = PBXBuildFile; fileRef = FA1DA31027302EC000D95FDA /* Constants.swift */; };
		FA1DA3132730371900D95FDA /* LoginVC.swift in Sources */ = {isa = PBXBuildFile; fileRef = FA1DA3122730371900D95FDA /* LoginVC.swift */; };
		FA1DA31527312C1300D95FDA /* CreateAccountVC.swift in Sources */ = {isa = PBXBuildFile; fileRef = FA1DA31427312C1300D95FDA /* CreateAccountVC.swift */; };
		FA5683D2272FE258006BFA5C /* AppDelegate.swift in Sources */ = {isa = PBXBuildFile; fileRef = FA5683D1272FE258006BFA5C /* AppDelegate.swift */; };
		FA5683D4272FE258006BFA5C /* SceneDelegate.swift in Sources */ = {isa = PBXBuildFile; fileRef = FA5683D3272FE258006BFA5C /* SceneDelegate.swift */; };
		FA5683D9272FE258006BFA5C /* Main.storyboard in Resources */ = {isa = PBXBuildFile; fileRef = FA5683D7272FE258006BFA5C /* Main.storyboard */; };
		FA5683DB272FE259006BFA5C /* Assets.xcassets in Resources */ = {isa = PBXBuildFile; fileRef = FA5683DA272FE259006BFA5C /* Assets.xcassets */; };
		FA5683DE272FE259006BFA5C /* LaunchScreen.storyboard in Resources */ = {isa = PBXBuildFile; fileRef = FA5683DC272FE259006BFA5C /* LaunchScreen.storyboard */; };
		FAB93CCE273AAA5900D30C31 /* AuthService.swift in Sources */ = {isa = PBXBuildFile; fileRef = FAB93CCD273AAA5900D30C31 /* AuthService.swift */; };
		FAB93CD0273AC26500D30C31 /* RoundedButton.swift in Sources */ = {isa = PBXBuildFile; fileRef = FAB93CCF273AC26500D30C31 /* RoundedButton.swift */; };
		FAB93CD2273BB8D100D30C31 /* UserDataService.swift in Sources */ = {isa = PBXBuildFile; fileRef = FAB93CD1273BB8D100D30C31 /* UserDataService.swift */; };
		FAE28706273BCA6E0044571F /* AvatarPickerVC.swift in Sources */ = {isa = PBXBuildFile; fileRef = FAE28705273BCA6E0044571F /* AvatarPickerVC.swift */; };
		FAE28708273BCCD10044571F /* AvatarCell.swift in Sources */ = {isa = PBXBuildFile; fileRef = FAE28707273BCCD10044571F /* AvatarCell.swift */; };
		FAE2870A273C03070044571F /* CircleImage.swift in Sources */ = {isa = PBXBuildFile; fileRef = FAE28709273C03070044571F /* CircleImage.swift */; };
		FAE2870D273D115E0044571F /* ProfileVC.swift in Sources */ = {isa = PBXBuildFile; fileRef = FAE2870B273D115E0044571F /* ProfileVC.swift */; };
		FAE2870E273D115E0044571F /* ProfileVC.xib in Resources */ = {isa = PBXBuildFile; fileRef = FAE2870C273D115E0044571F /* ProfileVC.xib */; };
/* End PBXBuildFile section */

/* Begin PBXFileReference section */
		2DEE56D8A9B4F7776A479B40 /* Pods-Smack.release.xcconfig */ = {isa = PBXFileReference; includeInIndex = 1; lastKnownFileType = text.xcconfig; name = "Pods-Smack.release.xcconfig"; path = "Target Support Files/Pods-Smack/Pods-Smack.release.xcconfig"; sourceTree = "<group>"; };
		476C9F48063BD3C00DE1AED4 /* Pods-Smack.debug.xcconfig */ = {isa = PBXFileReference; includeInIndex = 1; lastKnownFileType = text.xcconfig; name = "Pods-Smack.debug.xcconfig"; path = "Target Support Files/Pods-Smack/Pods-Smack.debug.xcconfig"; sourceTree = "<group>"; };
		EDC15A1A41A3B7C63E422110 /* Pods_Smack.framework */ = {isa = PBXFileReference; explicitFileType = wrapper.framework; includeInIndex = 0; path = Pods_Smack.framework; sourceTree = BUILT_PRODUCTS_DIR; };
		FA1DA2FF272FFB0800D95FDA /* Smack-Bridging-Header.h */ = {isa = PBXFileReference; lastKnownFileType = sourcecode.c.h; path = "Smack-Bridging-Header.h"; sourceTree = "<group>"; };
		FA1DA300272FFB0900D95FDA /* SWRevealViewController.h */ = {isa = PBXFileReference; fileEncoding = 4; lastKnownFileType = sourcecode.c.h; name = SWRevealViewController.h; path = SWRevealViewController/SWRevealViewController/SWRevealViewController.h; sourceTree = SOURCE_ROOT; };
		FA1DA301272FFB0900D95FDA /* SWRevealViewController.m */ = {isa = PBXFileReference; fileEncoding = 4; lastKnownFileType = sourcecode.c.objc; name = SWRevealViewController.m; path = SWRevealViewController/SWRevealViewController/SWRevealViewController.m; sourceTree = SOURCE_ROOT; };
		FA1DA30727300D1700D95FDA /* ChatVC.swift */ = {isa = PBXFileReference; lastKnownFileType = sourcecode.swift; path = ChatVC.swift; sourceTree = "<group>"; };
		FA1DA30927300D3A00D95FDA /* ChannelVC.swift */ = {isa = PBXFileReference; lastKnownFileType = sourcecode.swift; path = ChannelVC.swift; sourceTree = "<group>"; };
		FA1DA30D27301FE300D95FDA /* GradientView.swift */ = {isa = PBXFileReference; lastKnownFileType = sourcecode.swift; path = GradientView.swift; sourceTree = "<group>"; };
		FA1DA31027302EC000D95FDA /* Constants.swift */ = {isa = PBXFileReference; lastKnownFileType = sourcecode.swift; path = Constants.swift; sourceTree = "<group>"; };
		FA1DA3122730371900D95FDA /* LoginVC.swift */ = {isa = PBXFileReference; lastKnownFileType = sourcecode.swift; path = LoginVC.swift; sourceTree = "<group>"; };
		FA1DA31427312C1300D95FDA /* CreateAccountVC.swift */ = {isa = PBXFileReference; lastKnownFileType = sourcecode.swift; path = CreateAccountVC.swift; sourceTree = "<group>"; };
		FA5683CE272FE258006BFA5C /* Smack.app */ = {isa = PBXFileReference; explicitFileType = wrapper.application; includeInIndex = 0; path = Smack.app; sourceTree = BUILT_PRODUCTS_DIR; };
		FA5683D1272FE258006BFA5C /* AppDelegate.swift */ = {isa = PBXFileReference; lastKnownFileType = sourcecode.swift; path = AppDelegate.swift; sourceTree = "<group>"; };
		FA5683D3272FE258006BFA5C /* SceneDelegate.swift */ = {isa = PBXFileReference; lastKnownFileType = sourcecode.swift; path = SceneDelegate.swift; sourceTree = "<group>"; };
		FA5683D8272FE258006BFA5C /* Base */ = {isa = PBXFileReference; lastKnownFileType = file.storyboard; name = Base; path = Base.lproj/Main.storyboard; sourceTree = "<group>"; };
		FA5683DA272FE259006BFA5C /* Assets.xcassets */ = {isa = PBXFileReference; lastKnownFileType = folder.assetcatalog; path = Assets.xcassets; sourceTree = "<group>"; };
		FA5683DD272FE259006BFA5C /* Base */ = {isa = PBXFileReference; lastKnownFileType = file.storyboard; name = Base; path = Base.lproj/LaunchScreen.storyboard; sourceTree = "<group>"; };
		FA5683DF272FE259006BFA5C /* Info.plist */ = {isa = PBXFileReference; lastKnownFileType = text.plist.xml; path = Info.plist; sourceTree = "<group>"; };
		FAB93CCD273AAA5900D30C31 /* AuthService.swift */ = {isa = PBXFileReference; lastKnownFileType = sourcecode.swift; path = AuthService.swift; sourceTree = "<group>"; };
		FAB93CCF273AC26500D30C31 /* RoundedButton.swift */ = {isa = PBXFileReference; lastKnownFileType = sourcecode.swift; path = RoundedButton.swift; sourceTree = "<group>"; };
		FAB93CD1273BB8D100D30C31 /* UserDataService.swift */ = {isa = PBXFileReference; lastKnownFileType = sourcecode.swift; path = UserDataService.swift; sourceTree = "<group>"; };
		FAE28705273BCA6E0044571F /* AvatarPickerVC.swift */ = {isa = PBXFileReference; lastKnownFileType = sourcecode.swift; path = AvatarPickerVC.swift; sourceTree = "<group>"; };
		FAE28707273BCCD10044571F /* AvatarCell.swift */ = {isa = PBXFileReference; lastKnownFileType = sourcecode.swift; path = AvatarCell.swift; sourceTree = "<group>"; };
		FAE28709273C03070044571F /* CircleImage.swift */ = {isa = PBXFileReference; lastKnownFileType = sourcecode.swift; path = CircleImage.swift; sourceTree = "<group>"; };
		FAE2870B273D115E0044571F /* ProfileVC.swift */ = {isa = PBXFileReference; lastKnownFileType = sourcecode.swift; path = ProfileVC.swift; sourceTree = "<group>"; };
		FAE2870C273D115E0044571F /* ProfileVC.xib */ = {isa = PBXFileReference; lastKnownFileType = file.xib; path = ProfileVC.xib; sourceTree = "<group>"; };
/* End PBXFileReference section */

/* Begin PBXFrameworksBuildPhase section */
		FA5683CB272FE258006BFA5C /* Frameworks */ = {
			isa = PBXFrameworksBuildPhase;
			buildActionMask = 2147483647;
			files = (
				927709337A6B0A7B77D53A51 /* Pods_Smack.framework in Frameworks */,
			);
			runOnlyForDeploymentPostprocessing = 0;
		};
/* End PBXFrameworksBuildPhase section */

/* Begin PBXGroup section */
		7C9B3D2F2B1FA543C4A2EF2E /* Pods */ = {
			isa = PBXGroup;
			children = (
				476C9F48063BD3C00DE1AED4 /* Pods-Smack.debug.xcconfig */,
				2DEE56D8A9B4F7776A479B40 /* Pods-Smack.release.xcconfig */,
			);
			path = Pods;
			sourceTree = "<group>";
		};
		92107523A7E76DEA3BDA4B3A /* Frameworks */ = {
			isa = PBXGroup;
			children = (
				EDC15A1A41A3B7C63E422110 /* Pods_Smack.framework */,
			);
			name = Frameworks;
			sourceTree = "<group>";
		};
		FA1DA2FE272FFAF100D95FDA /* Supporting Files */ = {
			isa = PBXGroup;
			children = (
				FA1DA300272FFB0900D95FDA /* SWRevealViewController.h */,
				FA1DA301272FFB0900D95FDA /* SWRevealViewController.m */,
				FA1DA2FF272FFB0800D95FDA /* Smack-Bridging-Header.h */,
			);
			path = "Supporting Files";
			sourceTree = "<group>";
		};
		FA1DA30327300CC400D95FDA /* Model */ = {
			isa = PBXGroup;
			children = (
			);
			path = Model;
			sourceTree = "<group>";
		};
		FA1DA30427300CCF00D95FDA /* View */ = {
			isa = PBXGroup;
			children = (
				FA1DA30D27301FE300D95FDA /* GradientView.swift */,
				FAB93CCF273AC26500D30C31 /* RoundedButton.swift */,
				FAE28707273BCCD10044571F /* AvatarCell.swift */,
				FAE28709273C03070044571F /* CircleImage.swift */,
			);
			path = View;
			sourceTree = "<group>";
		};
		FA1DA30627300CE800D95FDA /* Controller */ = {
			isa = PBXGroup;
			children = (
				FA1DA30727300D1700D95FDA /* ChatVC.swift */,
				FA1DA30927300D3A00D95FDA /* ChannelVC.swift */,
				FA1DA3122730371900D95FDA /* LoginVC.swift */,
				FA1DA31427312C1300D95FDA /* CreateAccountVC.swift */,
				FAE28705273BCA6E0044571F /* AvatarPickerVC.swift */,
				FAE2870B273D115E0044571F /* ProfileVC.swift */,
			);
			path = Controller;
			sourceTree = "<group>";
		};
		FA1DA30F27302EA500D95FDA /* Utilities */ = {
			isa = PBXGroup;
			children = (
				FA1DA31027302EC000D95FDA /* Constants.swift */,
			);
			path = Utilities;
			sourceTree = "<group>";
		};
		FA5683C5272FE258006BFA5C = {
			isa = PBXGroup;
			children = (
				FAE2870F273D11710044571F /* XIBs */,
				FAB93CCC273AAA4000D30C31 /* Services */,
				FA1DA30F27302EA500D95FDA /* Utilities */,
				FA1DA30627300CE800D95FDA /* Controller */,
				FA1DA30427300CCF00D95FDA /* View */,
				FA1DA30327300CC400D95FDA /* Model */,
				FA1DA2FE272FFAF100D95FDA /* Supporting Files */,
				FA5683D0272FE258006BFA5C /* Smack */,
				FA5683CF272FE258006BFA5C /* Products */,
				7C9B3D2F2B1FA543C4A2EF2E /* Pods */,
				92107523A7E76DEA3BDA4B3A /* Frameworks */,
			);
			sourceTree = "<group>";
		};
		FA5683CF272FE258006BFA5C /* Products */ = {
			isa = PBXGroup;
			children = (
				FA5683CE272FE258006BFA5C /* Smack.app */,
			);
			name = Products;
			sourceTree = "<group>";
		};
		FA5683D0272FE258006BFA5C /* Smack */ = {
			isa = PBXGroup;
			children = (
				FA5683D1272FE258006BFA5C /* AppDelegate.swift */,
				FA5683D3272FE258006BFA5C /* SceneDelegate.swift */,
				FA5683D7272FE258006BFA5C /* Main.storyboard */,
				FA5683DA272FE259006BFA5C /* Assets.xcassets */,
				FA5683DC272FE259006BFA5C /* LaunchScreen.storyboard */,
				FA5683DF272FE259006BFA5C /* Info.plist */,
			);
			path = Smack;
			sourceTree = "<group>";
		};
		FAB93CCC273AAA4000D30C31 /* Services */ = {
			isa = PBXGroup;
			children = (
				FAB93CCD273AAA5900D30C31 /* AuthService.swift */,
				FAB93CD1273BB8D100D30C31 /* UserDataService.swift */,
			);
			path = Services;
			sourceTree = "<group>";
		};
		FAE2870F273D11710044571F /* XIBs */ = {
			isa = PBXGroup;
			children = (
				FAE2870C273D115E0044571F /* ProfileVC.xib */,
			);
			path = XIBs;
			sourceTree = "<group>";
		};
/* End PBXGroup section */

/* Begin PBXNativeTarget section */
		FA5683CD272FE258006BFA5C /* Smack */ = {
			isa = PBXNativeTarget;
			buildConfigurationList = FA5683E2272FE259006BFA5C /* Build configuration list for PBXNativeTarget "Smack" */;
			buildPhases = (
				FE1DD171F7245EE8C09C79C9 /* [CP] Check Pods Manifest.lock */,
				FA5683CA272FE258006BFA5C /* Sources */,
				FA5683CB272FE258006BFA5C /* Frameworks */,
				FA5683CC272FE258006BFA5C /* Resources */,
				1FB10024D14F5F14A52FF1BF /* [CP] Embed Pods Frameworks */,
			);
			buildRules = (
			);
			dependencies = (
			);
			name = Smack;
			productName = Smack;
			productReference = FA5683CE272FE258006BFA5C /* Smack.app */;
			productType = "com.apple.product-type.application";
		};
/* End PBXNativeTarget section */

/* Begin PBXProject section */
		FA5683C6272FE258006BFA5C /* Project object */ = {
			isa = PBXProject;
			attributes = {
				BuildIndependentTargetsInParallel = 1;
				LastSwiftUpdateCheck = 1300;
				LastUpgradeCheck = 1300;
				TargetAttributes = {
					FA5683CD272FE258006BFA5C = {
						CreatedOnToolsVersion = 13.0;
						LastSwiftMigration = 1300;
					};
				};
			};
			buildConfigurationList = FA5683C9272FE258006BFA5C /* Build configuration list for PBXProject "Smack" */;
			compatibilityVersion = "Xcode 13.0";
			developmentRegion = en;
			hasScannedForEncodings = 0;
			knownRegions = (
				en,
				Base,
			);
			mainGroup = FA5683C5272FE258006BFA5C;
			productRefGroup = FA5683CF272FE258006BFA5C /* Products */;
			projectDirPath = "";
			projectRoot = "";
			targets = (
				FA5683CD272FE258006BFA5C /* Smack */,
			);
		};
/* End PBXProject section */

/* Begin PBXResourcesBuildPhase section */
		FA5683CC272FE258006BFA5C /* Resources */ = {
			isa = PBXResourcesBuildPhase;
			buildActionMask = 2147483647;
			files = (
				FAE2870E273D115E0044571F /* ProfileVC.xib in Resources */,
				FA5683DE272FE259006BFA5C /* LaunchScreen.storyboard in Resources */,
				FA5683DB272FE259006BFA5C /* Assets.xcassets in Resources */,
				FA5683D9272FE258006BFA5C /* Main.storyboard in Resources */,
			);
			runOnlyForDeploymentPostprocessing = 0;
		};
/* End PBXResourcesBuildPhase section */

/* Begin PBXShellScriptBuildPhase section */
		1FB10024D14F5F14A52FF1BF /* [CP] Embed Pods Frameworks */ = {
			isa = PBXShellScriptBuildPhase;
			buildActionMask = 2147483647;
			files = (
			);
			inputFileListPaths = (
				"${PODS_ROOT}/Target Support Files/Pods-Smack/Pods-Smack-frameworks-${CONFIGURATION}-input-files.xcfilelist",
			);
			name = "[CP] Embed Pods Frameworks";
			outputFileListPaths = (
				"${PODS_ROOT}/Target Support Files/Pods-Smack/Pods-Smack-frameworks-${CONFIGURATION}-output-files.xcfilelist",
			);
			runOnlyForDeploymentPostprocessing = 0;
			shellPath = /bin/sh;
			shellScript = "\"${PODS_ROOT}/Target Support Files/Pods-Smack/Pods-Smack-frameworks.sh\"\n";
			showEnvVarsInLog = 0;
		};
		FE1DD171F7245EE8C09C79C9 /* [CP] Check Pods Manifest.lock */ = {
			isa = PBXShellScriptBuildPhase;
			buildActionMask = 2147483647;
			files = (
			);
			inputFileListPaths = (
			);
			inputPaths = (
				"${PODS_PODFILE_DIR_PATH}/Podfile.lock",
				"${PODS_ROOT}/Manifest.lock",
			);
			name = "[CP] Check Pods Manifest.lock";
			outputFileListPaths = (
			);
			outputPaths = (
				"$(DERIVED_FILE_DIR)/Pods-Smack-checkManifestLockResult.txt",
			);
			runOnlyForDeploymentPostprocessing = 0;
			shellPath = /bin/sh;
			shellScript = "diff \"${PODS_PODFILE_DIR_PATH}/Podfile.lock\" \"${PODS_ROOT}/Manifest.lock\" > /dev/null\nif [ $? != 0 ] ; then\n    # print error to STDERR\n    echo \"error: The sandbox is not in sync with the Podfile.lock. Run 'pod install' or update your CocoaPods installation.\" >&2\n    exit 1\nfi\n# This output is used by Xcode 'outputs' to avoid re-running this script phase.\necho \"SUCCESS\" > \"${SCRIPT_OUTPUT_FILE_0}\"\n";
			showEnvVarsInLog = 0;
		};
/* End PBXShellScriptBuildPhase section */

/* Begin PBXSourcesBuildPhase section */
		FA5683CA272FE258006BFA5C /* Sources */ = {
			isa = PBXSourcesBuildPhase;
			buildActionMask = 2147483647;
			files = (
				FA1DA30827300D1700D95FDA /* ChatVC.swift in Sources */,
				FA5683D2272FE258006BFA5C /* AppDelegate.swift in Sources */,
				FAE28708273BCCD10044571F /* AvatarCell.swift in Sources */,
				FA1DA3132730371900D95FDA /* LoginVC.swift in Sources */,
				FAE2870D273D115E0044571F /* ProfileVC.swift in Sources */,
				FA1DA30E27301FE300D95FDA /* GradientView.swift in Sources */,
				FA5683D4272FE258006BFA5C /* SceneDelegate.swift in Sources */,
				FA1DA31527312C1300D95FDA /* CreateAccountVC.swift in Sources */,
				FAB93CD2273BB8D100D30C31 /* UserDataService.swift in Sources */,
				FAB93CD0273AC26500D30C31 /* RoundedButton.swift in Sources */,
				FA1DA31127302EC000D95FDA /* Constants.swift in Sources */,
				FAB93CCE273AAA5900D30C31 /* AuthService.swift in Sources */,
				FA1DA302272FFB0900D95FDA /* SWRevealViewController.m in Sources */,
				FA1DA30A27300D3A00D95FDA /* ChannelVC.swift in Sources */,
				FAE28706273BCA6E0044571F /* AvatarPickerVC.swift in Sources */,
				FAE2870A273C03070044571F /* CircleImage.swift in Sources */,
			);
			runOnlyForDeploymentPostprocessing = 0;
		};
/* End PBXSourcesBuildPhase section */

/* Begin PBXVariantGroup section */
		FA5683D7272FE258006BFA5C /* Main.storyboard */ = {
			isa = PBXVariantGroup;
			children = (
				FA5683D8272FE258006BFA5C /* Base */,
			);
			name = Main.storyboard;
			sourceTree = "<group>";
		};
		FA5683DC272FE259006BFA5C /* LaunchScreen.storyboard */ = {
			isa = PBXVariantGroup;
			children = (
				FA5683DD272FE259006BFA5C /* Base */,
			);
			name = LaunchScreen.storyboard;
			sourceTree = "<group>";
		};
/* End PBXVariantGroup section */

/* Begin XCBuildConfiguration section */
		FA5683E0272FE259006BFA5C /* Debug */ = {
			isa = XCBuildConfiguration;
			buildSettings = {
				ALWAYS_SEARCH_USER_PATHS = NO;
				CLANG_ANALYZER_NONNULL = YES;
				CLANG_ANALYZER_NUMBER_OBJECT_CONVERSION = YES_AGGRESSIVE;
				CLANG_CXX_LANGUAGE_STANDARD = "gnu++17";
				CLANG_CXX_LIBRARY = "libc++";
				CLANG_ENABLE_MODULES = YES;
				CLANG_ENABLE_OBJC_ARC = YES;
				CLANG_ENABLE_OBJC_WEAK = YES;
				CLANG_WARN_BLOCK_CAPTURE_AUTORELEASING = YES;
				CLANG_WARN_BOOL_CONVERSION = YES;
				CLANG_WARN_COMMA = YES;
				CLANG_WARN_CONSTANT_CONVERSION = YES;
				CLANG_WARN_DEPRECATED_OBJC_IMPLEMENTATIONS = YES;
				CLANG_WARN_DIRECT_OBJC_ISA_USAGE = YES_ERROR;
				CLANG_WARN_DOCUMENTATION_COMMENTS = YES;
				CLANG_WARN_EMPTY_BODY = YES;
				CLANG_WARN_ENUM_CONVERSION = YES;
				CLANG_WARN_INFINITE_RECURSION = YES;
				CLANG_WARN_INT_CONVERSION = YES;
				CLANG_WARN_NON_LITERAL_NULL_CONVERSION = YES;
				CLANG_WARN_OBJC_IMPLICIT_RETAIN_SELF = YES;
				CLANG_WARN_OBJC_LITERAL_CONVERSION = YES;
				CLANG_WARN_OBJC_ROOT_CLASS = YES_ERROR;
				CLANG_WARN_QUOTED_INCLUDE_IN_FRAMEWORK_HEADER = YES;
				CLANG_WARN_RANGE_LOOP_ANALYSIS = YES;
				CLANG_WARN_STRICT_PROTOTYPES = YES;
				CLANG_WARN_SUSPICIOUS_MOVE = YES;
				CLANG_WARN_UNGUARDED_AVAILABILITY = YES_AGGRESSIVE;
				CLANG_WARN_UNREACHABLE_CODE = YES;
				CLANG_WARN__DUPLICATE_METHOD_MATCH = YES;
				COPY_PHASE_STRIP = NO;
				DEBUG_INFORMATION_FORMAT = dwarf;
				ENABLE_STRICT_OBJC_MSGSEND = YES;
				ENABLE_TESTABILITY = YES;
				GCC_C_LANGUAGE_STANDARD = gnu11;
				GCC_DYNAMIC_NO_PIC = NO;
				GCC_NO_COMMON_BLOCKS = YES;
				GCC_OPTIMIZATION_LEVEL = 0;
				GCC_PREPROCESSOR_DEFINITIONS = (
					"DEBUG=1",
					"$(inherited)",
				);
				GCC_WARN_64_TO_32_BIT_CONVERSION = YES;
				GCC_WARN_ABOUT_RETURN_TYPE = YES_ERROR;
				GCC_WARN_UNDECLARED_SELECTOR = YES;
				GCC_WARN_UNINITIALIZED_AUTOS = YES_AGGRESSIVE;
				GCC_WARN_UNUSED_FUNCTION = YES;
				GCC_WARN_UNUSED_VARIABLE = YES;
				IPHONEOS_DEPLOYMENT_TARGET = 15.0;
				MTL_ENABLE_DEBUG_INFO = INCLUDE_SOURCE;
				MTL_FAST_MATH = YES;
				ONLY_ACTIVE_ARCH = YES;
				SDKROOT = iphoneos;
				SWIFT_ACTIVE_COMPILATION_CONDITIONS = DEBUG;
				SWIFT_OPTIMIZATION_LEVEL = "-Onone";
			};
			name = Debug;
		};
		FA5683E1272FE259006BFA5C /* Release */ = {
			isa = XCBuildConfiguration;
			buildSettings = {
				ALWAYS_SEARCH_USER_PATHS = NO;
				CLANG_ANALYZER_NONNULL = YES;
				CLANG_ANALYZER_NUMBER_OBJECT_CONVERSION = YES_AGGRESSIVE;
				CLANG_CXX_LANGUAGE_STANDARD = "gnu++17";
				CLANG_CXX_LIBRARY = "libc++";
				CLANG_ENABLE_MODULES = YES;
				CLANG_ENABLE_OBJC_ARC = YES;
				CLANG_ENABLE_OBJC_WEAK = YES;
				CLANG_WARN_BLOCK_CAPTURE_AUTORELEASING = YES;
				CLANG_WARN_BOOL_CONVERSION = YES;
				CLANG_WARN_COMMA = YES;
				CLANG_WARN_CONSTANT_CONVERSION = YES;
				CLANG_WARN_DEPRECATED_OBJC_IMPLEMENTATIONS = YES;
				CLANG_WARN_DIRECT_OBJC_ISA_USAGE = YES_ERROR;
				CLANG_WARN_DOCUMENTATION_COMMENTS = YES;
				CLANG_WARN_EMPTY_BODY = YES;
				CLANG_WARN_ENUM_CONVERSION = YES;
				CLANG_WARN_INFINITE_RECURSION = YES;
				CLANG_WARN_INT_CONVERSION = YES;
				CLANG_WARN_NON_LITERAL_NULL_CONVERSION = YES;
				CLANG_WARN_OBJC_IMPLICIT_RETAIN_SELF = YES;
				CLANG_WARN_OBJC_LITERAL_CONVERSION = YES;
				CLANG_WARN_OBJC_ROOT_CLASS = YES_ERROR;
				CLANG_WARN_QUOTED_INCLUDE_IN_FRAMEWORK_HEADER = YES;
				CLANG_WARN_RANGE_LOOP_ANALYSIS = YES;
				CLANG_WARN_STRICT_PROTOTYPES = YES;
				CLANG_WARN_SUSPICIOUS_MOVE = YES;
				CLANG_WARN_UNGUARDED_AVAILABILITY = YES_AGGRESSIVE;
				CLANG_WARN_UNREACHABLE_CODE = YES;
				CLANG_WARN__DUPLICATE_METHOD_MATCH = YES;
				COPY_PHASE_STRIP = NO;
				DEBUG_INFORMATION_FORMAT = "dwarf-with-dsym";
				ENABLE_NS_ASSERTIONS = NO;
				ENABLE_STRICT_OBJC_MSGSEND = YES;
				GCC_C_LANGUAGE_STANDARD = gnu11;
				GCC_NO_COMMON_BLOCKS = YES;
				GCC_WARN_64_TO_32_BIT_CONVERSION = YES;
				GCC_WARN_ABOUT_RETURN_TYPE = YES_ERROR;
				GCC_WARN_UNDECLARED_SELECTOR = YES;
				GCC_WARN_UNINITIALIZED_AUTOS = YES_AGGRESSIVE;
				GCC_WARN_UNUSED_FUNCTION = YES;
				GCC_WARN_UNUSED_VARIABLE = YES;
				IPHONEOS_DEPLOYMENT_TARGET = 15.0;
				MTL_ENABLE_DEBUG_INFO = NO;
				MTL_FAST_MATH = YES;
				SDKROOT = iphoneos;
				SWIFT_COMPILATION_MODE = wholemodule;
				SWIFT_OPTIMIZATION_LEVEL = "-O";
				VALIDATE_PRODUCT = YES;
			};
			name = Release;
		};
		FA5683E3272FE259006BFA5C /* Debug */ = {
			isa = XCBuildConfiguration;
			baseConfigurationReference = 476C9F48063BD3C00DE1AED4 /* Pods-Smack.debug.xcconfig */;
			buildSettings = {
				ASSETCATALOG_COMPILER_APPICON_NAME = AppIcon;
				ASSETCATALOG_COMPILER_GLOBAL_ACCENT_COLOR_NAME = AccentColor;
				CLANG_ENABLE_MODULES = YES;
				CODE_SIGN_STYLE = Automatic;
				CURRENT_PROJECT_VERSION = 1;
				GENERATE_INFOPLIST_FILE = YES;
				INFOPLIST_FILE = Smack/Info.plist;
				INFOPLIST_KEY_UIApplicationSupportsIndirectInputEvents = YES;
				INFOPLIST_KEY_UILaunchStoryboardName = LaunchScreen;
				INFOPLIST_KEY_UIMainStoryboardFile = Main;
				INFOPLIST_KEY_UISupportedInterfaceOrientations_iPad = "UIInterfaceOrientationPortrait UIInterfaceOrientationPortraitUpsideDown UIInterfaceOrientationLandscapeLeft UIInterfaceOrientationLandscapeRight";
				INFOPLIST_KEY_UISupportedInterfaceOrientations_iPhone = "UIInterfaceOrientationPortrait UIInterfaceOrientationLandscapeLeft UIInterfaceOrientationLandscapeRight";
				LD_RUNPATH_SEARCH_PATHS = (
					"$(inherited)",
					"@executable_path/Frameworks",
				);
				MARKETING_VERSION = 1.0;
				PRODUCT_BUNDLE_IDENTIFIER = com.mileTap.Smack;
				PRODUCT_NAME = "$(TARGET_NAME)";
				SWIFT_EMIT_LOC_STRINGS = YES;
				SWIFT_OBJC_BRIDGING_HEADER = "Supporting Files/Smack-Bridging-Header.h";
				SWIFT_OPTIMIZATION_LEVEL = "-Onone";
				SWIFT_VERSION = 5.0;
				TARGETED_DEVICE_FAMILY = "1,2";
			};
			name = Debug;
		};
		FA5683E4272FE259006BFA5C /* Release */ = {
			isa = XCBuildConfiguration;
			baseConfigurationReference = 2DEE56D8A9B4F7776A479B40 /* Pods-Smack.release.xcconfig */;
			buildSettings = {
				ASSETCATALOG_COMPILER_APPICON_NAME = AppIcon;
				ASSETCATALOG_COMPILER_GLOBAL_ACCENT_COLOR_NAME = AccentColor;
				CLANG_ENABLE_MODULES = YES;
				CODE_SIGN_STYLE = Automatic;
				CURRENT_PROJECT_VERSION = 1;
				GENERATE_INFOPLIST_FILE = YES;
				INFOPLIST_FILE = Smack/Info.plist;
				INFOPLIST_KEY_UIApplicationSupportsIndirectInputEvents = YES;
				INFOPLIST_KEY_UILaunchStoryboardName = LaunchScreen;
				INFOPLIST_KEY_UIMainStoryboardFile = Main;
				INFOPLIST_KEY_UISupportedInterfaceOrientations_iPad = "UIInterfaceOrientationPortrait UIInterfaceOrientationPortraitUpsideDown UIInterfaceOrientationLandscapeLeft UIInterfaceOrientationLandscapeRight";
				INFOPLIST_KEY_UISupportedInterfaceOrientations_iPhone = "UIInterfaceOrientationPortrait UIInterfaceOrientationLandscapeLeft UIInterfaceOrientationLandscapeRight";
				LD_RUNPATH_SEARCH_PATHS = (
					"$(inherited)",
					"@executable_path/Frameworks",
				);
				MARKETING_VERSION = 1.0;
				PRODUCT_BUNDLE_IDENTIFIER = com.mileTap.Smack;
				PRODUCT_NAME = "$(TARGET_NAME)";
				SWIFT_EMIT_LOC_STRINGS = YES;
				SWIFT_OBJC_BRIDGING_HEADER = "Supporting Files/Smack-Bridging-Header.h";
				SWIFT_VERSION = 5.0;
				TARGETED_DEVICE_FAMILY = "1,2";
			};
			name = Release;
		};
/* End XCBuildConfiguration section */

/* Begin XCConfigurationList section */
		FA5683C9272FE258006BFA5C /* Build configuration list for PBXProject "Smack" */ = {
			isa = XCConfigurationList;
			buildConfigurations = (
				FA5683E0272FE259006BFA5C /* Debug */,
				FA5683E1272FE259006BFA5C /* Release */,
			);
			defaultConfigurationIsVisible = 0;
			defaultConfigurationName = Release;
		};
		FA5683E2272FE259006BFA5C /* Build configuration list for PBXNativeTarget "Smack" */ = {
			isa = XCConfigurationList;
			buildConfigurations = (
				FA5683E3272FE259006BFA5C /* Debug */,
				FA5683E4272FE259006BFA5C /* Release */,
			);
			defaultConfigurationIsVisible = 0;
			defaultConfigurationName = Release;
		};
/* End XCConfigurationList section */
	};
	rootObject = FA5683C6272FE258006BFA5C /* Project object */;
}
